// !$*UTF8*$!
{
	archiveVersion = 1;
	classes = {
	};
	objectVersion = 46;
	objects = {

/* Begin PBXBuildFile section */
		70CE0CF515276E9400F2F4EF /* Constants.m in Sources */ = {isa = PBXBuildFile; fileRef = 70CE0CF415276E9300F2F4EF /* Constants.m */; };
		70CE0CF81527772600F2F4EF /* DatabasePopulator.m in Sources */ = {isa = PBXBuildFile; fileRef = 70CE0CF71527772600F2F4EF /* DatabasePopulator.m */; };
		70CE0CFE1527786900F2F4EF /* ModelFactory.m in Sources */ = {isa = PBXBuildFile; fileRef = 70CE0CFD1527786900F2F4EF /* ModelFactory.m */; };
		DE525A851523A3F60054B5FC /* PriceOddsViewController.m in Sources */ = {isa = PBXBuildFile; fileRef = DE525A841523A3F60054B5FC /* PriceOddsViewController.m */; };
		DE5E7323151A621B00F60FBF /* SportPickerViewController.m in Sources */ = {isa = PBXBuildFile; fileRef = DE5E7322151A621B00F60FBF /* SportPickerViewController.m */; };
		DE5E7328151A639500F60FBF /* DatabaseManager.m in Sources */ = {isa = PBXBuildFile; fileRef = DE5E7327151A639500F60FBF /* DatabaseManager.m */; };
		DE5E732B151A771500F60FBF /* SettleBetViewController.m in Sources */ = {isa = PBXBuildFile; fileRef = DE5E732A151A771400F60FBF /* SettleBetViewController.m */; };
		DE5E733C151B839500F60FBF /* RCSwitch.m in Sources */ = {isa = PBXBuildFile; fileRef = DE5E733B151B839400F60FBF /* RCSwitch.m */; settings = {COMPILER_FLAGS = "-fno-objc-arc"; }; };
		DE5E733F151B83A100F60FBF /* RCSwitchOnOff.m in Sources */ = {isa = PBXBuildFile; fileRef = DE5E733E151B83A000F60FBF /* RCSwitchOnOff.m */; settings = {COMPILER_FLAGS = "-fno-objc-arc"; }; };
		DE5E7351151B889300F60FBF /* btn_slider_international_off.png in Resources */ = {isa = PBXBuildFile; fileRef = DE5E7341151B889300F60FBF /* btn_slider_international_off.png */; };
		DE5E7352151B889300F60FBF /* btn_slider_international_off@2x.png in Resources */ = {isa = PBXBuildFile; fileRef = DE5E7342151B889300F60FBF /* btn_slider_international_off@2x.png */; };
		DE5E7353151B889300F60FBF /* btn_slider_international_on.png in Resources */ = {isa = PBXBuildFile; fileRef = DE5E7343151B889300F60FBF /* btn_slider_international_on.png */; };
		DE5E7354151B889300F60FBF /* btn_slider_international_on@2x.png in Resources */ = {isa = PBXBuildFile; fileRef = DE5E7344151B889300F60FBF /* btn_slider_international_on@2x.png */; };
		DE5E7355151B889300F60FBF /* btn_slider_off.png in Resources */ = {isa = PBXBuildFile; fileRef = DE5E7345151B889300F60FBF /* btn_slider_off.png */; };
		DE5E7356151B889300F60FBF /* btn_slider_off@2x.png in Resources */ = {isa = PBXBuildFile; fileRef = DE5E7346151B889300F60FBF /* btn_slider_off@2x.png */; };
		DE5E7357151B889300F60FBF /* btn_slider_on.png in Resources */ = {isa = PBXBuildFile; fileRef = DE5E7347151B889300F60FBF /* btn_slider_on.png */; };
		DE5E7358151B889300F60FBF /* btn_slider_on@2x.png in Resources */ = {isa = PBXBuildFile; fileRef = DE5E7348151B889300F60FBF /* btn_slider_on@2x.png */; };
		DE5E7359151B889300F60FBF /* btn_slider_thumb_pressed.png in Resources */ = {isa = PBXBuildFile; fileRef = DE5E7349151B889300F60FBF /* btn_slider_thumb_pressed.png */; };
		DE5E735A151B889300F60FBF /* btn_slider_thumb_pressed@2x.png in Resources */ = {isa = PBXBuildFile; fileRef = DE5E734A151B889300F60FBF /* btn_slider_thumb_pressed@2x.png */; };
		DE5E735B151B889300F60FBF /* btn_slider_thumb.png in Resources */ = {isa = PBXBuildFile; fileRef = DE5E734B151B889300F60FBF /* btn_slider_thumb.png */; };
		DE5E735C151B889300F60FBF /* btn_slider_thumb@2x.png in Resources */ = {isa = PBXBuildFile; fileRef = DE5E734C151B889300F60FBF /* btn_slider_thumb@2x.png */; };
		DE5E735D151B889300F60FBF /* btn_slider_track_pressed.png in Resources */ = {isa = PBXBuildFile; fileRef = DE5E734D151B889300F60FBF /* btn_slider_track_pressed.png */; };
		DE5E735E151B889300F60FBF /* btn_slider_track_pressed@2x.png in Resources */ = {isa = PBXBuildFile; fileRef = DE5E734E151B889300F60FBF /* btn_slider_track_pressed@2x.png */; };
		DE5E735F151B889300F60FBF /* btn_slider_track.png in Resources */ = {isa = PBXBuildFile; fileRef = DE5E734F151B889300F60FBF /* btn_slider_track.png */; };
		DE5E7360151B889300F60FBF /* btn_slider_track@2x.png in Resources */ = {isa = PBXBuildFile; fileRef = DE5E7350151B889300F60FBF /* btn_slider_track@2x.png */; };
		DE5E7374151BBF3E00F60FBF /* Bet.m in Sources */ = {isa = PBXBuildFile; fileRef = DE5E7373151BBF3E00F60FBF /* Bet.m */; };
		DE5E7377151BC3FE00F60FBF /* BetPickerViewController.m in Sources */ = {isa = PBXBuildFile; fileRef = DE5E7376151BC3FE00F60FBF /* BetPickerViewController.m */; };
		DE64B016152115CC00B2E2E7 /* CategoryAdderViewController.m in Sources */ = {isa = PBXBuildFile; fileRef = DE64B015152115CC00B2E2E7 /* CategoryAdderViewController.m */; };
		DE64B01C1522502500B2E2E7 /* EditableTableViewController.m in Sources */ = {isa = PBXBuildFile; fileRef = DE64B01B1522502400B2E2E7 /* EditableTableViewController.m */; };
		DE865AEC152A373D0067734F /* WinsLossesViewController.m in Sources */ = {isa = PBXBuildFile; fileRef = DE865AEB152A373D0067734F /* WinsLossesViewController.m */; };
		DEB7091C151113080006BD83 /* UIKit.framework in Frameworks */ = {isa = PBXBuildFile; fileRef = DEB7091B151113080006BD83 /* UIKit.framework */; };
		DEB7091E151113080006BD83 /* Foundation.framework in Frameworks */ = {isa = PBXBuildFile; fileRef = DEB7091D151113080006BD83 /* Foundation.framework */; };
		DEB70920151113080006BD83 /* CoreGraphics.framework in Frameworks */ = {isa = PBXBuildFile; fileRef = DEB7091F151113080006BD83 /* CoreGraphics.framework */; };
		DEB70922151113080006BD83 /* CoreData.framework in Frameworks */ = {isa = PBXBuildFile; fileRef = DEB70921151113080006BD83 /* CoreData.framework */; };
		DEB70928151113080006BD83 /* InfoPlist.strings in Resources */ = {isa = PBXBuildFile; fileRef = DEB70926151113080006BD83 /* InfoPlist.strings */; };
		DEB7092A151113080006BD83 /* main.m in Sources */ = {isa = PBXBuildFile; fileRef = DEB70929151113080006BD83 /* main.m */; };
		DEB7092E151113080006BD83 /* AppDelegate.m in Sources */ = {isa = PBXBuildFile; fileRef = DEB7092D151113080006BD83 /* AppDelegate.m */; };
		DEB70931151113080006BD83 /* MainStoryboard.storyboard in Resources */ = {isa = PBXBuildFile; fileRef = DEB7092F151113080006BD83 /* MainStoryboard.storyboard */; };
		DEB70937151113090006BD83 /* MasterViewController.m in Sources */ = {isa = PBXBuildFile; fileRef = DEB70936151113090006BD83 /* MasterViewController.m */; };
		DEB70942151113090006BD83 /* SenTestingKit.framework in Frameworks */ = {isa = PBXBuildFile; fileRef = DEB70941151113090006BD83 /* SenTestingKit.framework */; };
		DEB70943151113090006BD83 /* UIKit.framework in Frameworks */ = {isa = PBXBuildFile; fileRef = DEB7091B151113080006BD83 /* UIKit.framework */; };
		DEB70944151113090006BD83 /* Foundation.framework in Frameworks */ = {isa = PBXBuildFile; fileRef = DEB7091D151113080006BD83 /* Foundation.framework */; };
		DEB70945151113090006BD83 /* CoreData.framework in Frameworks */ = {isa = PBXBuildFile; fileRef = DEB70921151113080006BD83 /* CoreData.framework */; };
		DEB7094D151113090006BD83 /* InfoPlist.strings in Resources */ = {isa = PBXBuildFile; fileRef = DEB7094B151113090006BD83 /* InfoPlist.strings */; };
		DEB70950151113090006BD83 /* TheGingerGamblerTests.m in Sources */ = {isa = PBXBuildFile; fileRef = DEB7094F151113090006BD83 /* TheGingerGamblerTests.m */; };
		DEB7096B1513D3190006BD83 /* Bookie.m in Sources */ = {isa = PBXBuildFile; fileRef = DEB7096A1513D3190006BD83 /* Bookie.m */; };
		DEB7096E1513D38F0006BD83 /* Sport.m in Sources */ = {isa = PBXBuildFile; fileRef = DEB7096D1513D38F0006BD83 /* Sport.m */; };
		DEB7097A151923400006BD83 /* BookiePickerViewController.m in Sources */ = {isa = PBXBuildFile; fileRef = DEB709791519233B0006BD83 /* BookiePickerViewController.m */; };
		DEB7097D151A257B0006BD83 /* PlaceBetViewController.m in Sources */ = {isa = PBXBuildFile; fileRef = DEB7097C151A257B0006BD83 /* PlaceBetViewController.m */; };
		DEC4BAD41529E38400F7E25C /* TheGingerGambler.xcdatamodeld in Sources */ = {isa = PBXBuildFile; fileRef = DEC4BAD21529E38400F7E25C /* TheGingerGambler.xcdatamodeld */; };
		DEFE1CE8152CD92E00C61305 /* NumberManipulator.m in Sources */ = {isa = PBXBuildFile; fileRef = DEFE1CE7152CD92E00C61305 /* NumberManipulator.m */; };
/* End PBXBuildFile section */

/* Begin PBXContainerItemProxy section */
		DEB70946151113090006BD83 /* PBXContainerItemProxy */ = {
			isa = PBXContainerItemProxy;
			containerPortal = DEB7090E151113070006BD83 /* Project object */;
			proxyType = 1;
			remoteGlobalIDString = DEB70916151113080006BD83;
			remoteInfo = TheGingerGambler;
		};
/* End PBXContainerItemProxy section */

/* Begin PBXFileReference section */
		70CE0CF115276DB700F2F4EF /* Constants.h */ = {isa = PBXFileReference; fileEncoding = 4; lastKnownFileType = sourcecode.c.h; path = Constants.h; sourceTree = "<group>"; };
		70CE0CF415276E9300F2F4EF /* Constants.m */ = {isa = PBXFileReference; fileEncoding = 4; lastKnownFileType = sourcecode.c.objc; path = Constants.m; sourceTree = "<group>"; };
		70CE0CF61527772600F2F4EF /* DatabasePopulator.h */ = {isa = PBXFileReference; fileEncoding = 4; lastKnownFileType = sourcecode.c.h; path = DatabasePopulator.h; sourceTree = "<group>"; };
		70CE0CF71527772600F2F4EF /* DatabasePopulator.m */ = {isa = PBXFileReference; fileEncoding = 4; lastKnownFileType = sourcecode.c.objc; path = DatabasePopulator.m; sourceTree = "<group>"; };
		70CE0CFC1527786900F2F4EF /* ModelFactory.h */ = {isa = PBXFileReference; fileEncoding = 4; lastKnownFileType = sourcecode.c.h; path = ModelFactory.h; sourceTree = "<group>"; };
		70CE0CFD1527786900F2F4EF /* ModelFactory.m */ = {isa = PBXFileReference; fileEncoding = 4; lastKnownFileType = sourcecode.c.objc; path = ModelFactory.m; sourceTree = "<group>"; };
		DE525A831523A3F50054B5FC /* PriceOddsViewController.h */ = {isa = PBXFileReference; fileEncoding = 4; lastKnownFileType = sourcecode.c.h; path = PriceOddsViewController.h; sourceTree = "<group>"; };
		DE525A841523A3F60054B5FC /* PriceOddsViewController.m */ = {isa = PBXFileReference; fileEncoding = 4; lastKnownFileType = sourcecode.c.objc; path = PriceOddsViewController.m; sourceTree = "<group>"; };
		DE5E7321151A621B00F60FBF /* SportPickerViewController.h */ = {isa = PBXFileReference; fileEncoding = 4; lastKnownFileType = sourcecode.c.h; path = SportPickerViewController.h; sourceTree = "<group>"; };
		DE5E7322151A621B00F60FBF /* SportPickerViewController.m */ = {isa = PBXFileReference; fileEncoding = 4; lastKnownFileType = sourcecode.c.objc; path = SportPickerViewController.m; sourceTree = "<group>"; };
		DE5E7326151A639500F60FBF /* DatabaseManager.h */ = {isa = PBXFileReference; fileEncoding = 4; lastKnownFileType = sourcecode.c.h; path = DatabaseManager.h; sourceTree = "<group>"; };
		DE5E7327151A639500F60FBF /* DatabaseManager.m */ = {isa = PBXFileReference; fileEncoding = 4; lastKnownFileType = sourcecode.c.objc; path = DatabaseManager.m; sourceTree = "<group>"; };
		DE5E7329151A771400F60FBF /* SettleBetViewController.h */ = {isa = PBXFileReference; fileEncoding = 4; lastKnownFileType = sourcecode.c.h; path = SettleBetViewController.h; sourceTree = "<group>"; };
		DE5E732A151A771400F60FBF /* SettleBetViewController.m */ = {isa = PBXFileReference; fileEncoding = 4; lastKnownFileType = sourcecode.c.objc; path = SettleBetViewController.m; sourceTree = "<group>"; };
		DE5E733A151B839400F60FBF /* RCSwitch.h */ = {isa = PBXFileReference; fileEncoding = 4; lastKnownFileType = sourcecode.c.h; path = RCSwitch.h; sourceTree = "<group>"; };
		DE5E733B151B839400F60FBF /* RCSwitch.m */ = {isa = PBXFileReference; fileEncoding = 4; lastKnownFileType = sourcecode.c.objc; path = RCSwitch.m; sourceTree = "<group>"; };
		DE5E733D151B83A000F60FBF /* RCSwitchOnOff.h */ = {isa = PBXFileReference; fileEncoding = 4; lastKnownFileType = sourcecode.c.h; path = RCSwitchOnOff.h; sourceTree = "<group>"; };
		DE5E733E151B83A000F60FBF /* RCSwitchOnOff.m */ = {isa = PBXFileReference; fileEncoding = 4; lastKnownFileType = sourcecode.c.objc; path = RCSwitchOnOff.m; sourceTree = "<group>"; };
		DE5E7341151B889300F60FBF /* btn_slider_international_off.png */ = {isa = PBXFileReference; lastKnownFileType = image.png; path = btn_slider_international_off.png; sourceTree = "<group>"; };
		DE5E7342151B889300F60FBF /* btn_slider_international_off@2x.png */ = {isa = PBXFileReference; lastKnownFileType = image.png; path = "btn_slider_international_off@2x.png"; sourceTree = "<group>"; };
		DE5E7343151B889300F60FBF /* btn_slider_international_on.png */ = {isa = PBXFileReference; lastKnownFileType = image.png; path = btn_slider_international_on.png; sourceTree = "<group>"; };
		DE5E7344151B889300F60FBF /* btn_slider_international_on@2x.png */ = {isa = PBXFileReference; lastKnownFileType = image.png; path = "btn_slider_international_on@2x.png"; sourceTree = "<group>"; };
		DE5E7345151B889300F60FBF /* btn_slider_off.png */ = {isa = PBXFileReference; lastKnownFileType = image.png; path = btn_slider_off.png; sourceTree = "<group>"; };
		DE5E7346151B889300F60FBF /* btn_slider_off@2x.png */ = {isa = PBXFileReference; lastKnownFileType = image.png; path = "btn_slider_off@2x.png"; sourceTree = "<group>"; };
		DE5E7347151B889300F60FBF /* btn_slider_on.png */ = {isa = PBXFileReference; lastKnownFileType = image.png; path = btn_slider_on.png; sourceTree = "<group>"; };
		DE5E7348151B889300F60FBF /* btn_slider_on@2x.png */ = {isa = PBXFileReference; lastKnownFileType = image.png; path = "btn_slider_on@2x.png"; sourceTree = "<group>"; };
		DE5E7349151B889300F60FBF /* btn_slider_thumb_pressed.png */ = {isa = PBXFileReference; lastKnownFileType = image.png; path = btn_slider_thumb_pressed.png; sourceTree = "<group>"; };
		DE5E734A151B889300F60FBF /* btn_slider_thumb_pressed@2x.png */ = {isa = PBXFileReference; lastKnownFileType = image.png; path = "btn_slider_thumb_pressed@2x.png"; sourceTree = "<group>"; };
		DE5E734B151B889300F60FBF /* btn_slider_thumb.png */ = {isa = PBXFileReference; lastKnownFileType = image.png; path = btn_slider_thumb.png; sourceTree = "<group>"; };
		DE5E734C151B889300F60FBF /* btn_slider_thumb@2x.png */ = {isa = PBXFileReference; lastKnownFileType = image.png; path = "btn_slider_thumb@2x.png"; sourceTree = "<group>"; };
		DE5E734D151B889300F60FBF /* btn_slider_track_pressed.png */ = {isa = PBXFileReference; lastKnownFileType = image.png; path = btn_slider_track_pressed.png; sourceTree = "<group>"; };
		DE5E734E151B889300F60FBF /* btn_slider_track_pressed@2x.png */ = {isa = PBXFileReference; lastKnownFileType = image.png; path = "btn_slider_track_pressed@2x.png"; sourceTree = "<group>"; };
		DE5E734F151B889300F60FBF /* btn_slider_track.png */ = {isa = PBXFileReference; lastKnownFileType = image.png; path = btn_slider_track.png; sourceTree = "<group>"; };
		DE5E7350151B889300F60FBF /* btn_slider_track@2x.png */ = {isa = PBXFileReference; lastKnownFileType = image.png; path = "btn_slider_track@2x.png"; sourceTree = "<group>"; };
		DE5E7372151BBF3E00F60FBF /* Bet.h */ = {isa = PBXFileReference; fileEncoding = 4; lastKnownFileType = sourcecode.c.h; path = Bet.h; sourceTree = "<group>"; };
		DE5E7373151BBF3E00F60FBF /* Bet.m */ = {isa = PBXFileReference; fileEncoding = 4; lastKnownFileType = sourcecode.c.objc; path = Bet.m; sourceTree = "<group>"; };
		DE5E7375151BC3FE00F60FBF /* BetPickerViewController.h */ = {isa = PBXFileReference; fileEncoding = 4; lastKnownFileType = sourcecode.c.h; path = BetPickerViewController.h; sourceTree = "<group>"; };
		DE5E7376151BC3FE00F60FBF /* BetPickerViewController.m */ = {isa = PBXFileReference; fileEncoding = 4; lastKnownFileType = sourcecode.c.objc; path = BetPickerViewController.m; sourceTree = "<group>"; };
		DE64B014152115CC00B2E2E7 /* CategoryAdderViewController.h */ = {isa = PBXFileReference; fileEncoding = 4; lastKnownFileType = sourcecode.c.h; path = CategoryAdderViewController.h; sourceTree = "<group>"; };
		DE64B015152115CC00B2E2E7 /* CategoryAdderViewController.m */ = {isa = PBXFileReference; fileEncoding = 4; lastKnownFileType = sourcecode.c.objc; path = CategoryAdderViewController.m; sourceTree = "<group>"; };
		DE64B01A1522502400B2E2E7 /* EditableTableViewController.h */ = {isa = PBXFileReference; fileEncoding = 4; lastKnownFileType = sourcecode.c.h; path = EditableTableViewController.h; sourceTree = "<group>"; };
		DE64B01B1522502400B2E2E7 /* EditableTableViewController.m */ = {isa = PBXFileReference; fileEncoding = 4; lastKnownFileType = sourcecode.c.objc; path = EditableTableViewController.m; sourceTree = "<group>"; };
		DE64B01D152255D600B2E2E7 /* Category.h */ = {isa = PBXFileReference; fileEncoding = 4; lastKnownFileType = sourcecode.c.h; path = Category.h; sourceTree = "<group>"; };
		DE865AEA152A373D0067734F /* WinsLossesViewController.h */ = {isa = PBXFileReference; fileEncoding = 4; lastKnownFileType = sourcecode.c.h; path = WinsLossesViewController.h; sourceTree = "<group>"; };
		DE865AEB152A373D0067734F /* WinsLossesViewController.m */ = {isa = PBXFileReference; fileEncoding = 4; lastKnownFileType = sourcecode.c.objc; path = WinsLossesViewController.m; sourceTree = "<group>"; };
		DEB70917151113080006BD83 /* TheGingerGambler.app */ = {isa = PBXFileReference; explicitFileType = wrapper.application; includeInIndex = 0; path = TheGingerGambler.app; sourceTree = BUILT_PRODUCTS_DIR; };
		DEB7091B151113080006BD83 /* UIKit.framework */ = {isa = PBXFileReference; lastKnownFileType = wrapper.framework; name = UIKit.framework; path = System/Library/Frameworks/UIKit.framework; sourceTree = SDKROOT; };
		DEB7091D151113080006BD83 /* Foundation.framework */ = {isa = PBXFileReference; lastKnownFileType = wrapper.framework; name = Foundation.framework; path = System/Library/Frameworks/Foundation.framework; sourceTree = SDKROOT; };
		DEB7091F151113080006BD83 /* CoreGraphics.framework */ = {isa = PBXFileReference; lastKnownFileType = wrapper.framework; name = CoreGraphics.framework; path = System/Library/Frameworks/CoreGraphics.framework; sourceTree = SDKROOT; };
		DEB70921151113080006BD83 /* CoreData.framework */ = {isa = PBXFileReference; lastKnownFileType = wrapper.framework; name = CoreData.framework; path = System/Library/Frameworks/CoreData.framework; sourceTree = SDKROOT; };
		DEB70925151113080006BD83 /* TheGingerGambler-Info.plist */ = {isa = PBXFileReference; lastKnownFileType = text.plist.xml; path = "TheGingerGambler-Info.plist"; sourceTree = "<group>"; };
		DEB70927151113080006BD83 /* en */ = {isa = PBXFileReference; lastKnownFileType = text.plist.strings; name = en; path = en.lproj/InfoPlist.strings; sourceTree = "<group>"; };
		DEB70929151113080006BD83 /* main.m */ = {isa = PBXFileReference; lastKnownFileType = sourcecode.c.objc; path = main.m; sourceTree = "<group>"; };
		DEB7092B151113080006BD83 /* TheGingerGambler-Prefix.pch */ = {isa = PBXFileReference; lastKnownFileType = sourcecode.c.h; path = "TheGingerGambler-Prefix.pch"; sourceTree = "<group>"; };
		DEB7092C151113080006BD83 /* AppDelegate.h */ = {isa = PBXFileReference; lastKnownFileType = sourcecode.c.h; path = AppDelegate.h; sourceTree = "<group>"; };
		DEB7092D151113080006BD83 /* AppDelegate.m */ = {isa = PBXFileReference; lastKnownFileType = sourcecode.c.objc; path = AppDelegate.m; sourceTree = "<group>"; };
		DEB70930151113080006BD83 /* en */ = {isa = PBXFileReference; lastKnownFileType = file.storyboard; name = en; path = en.lproj/MainStoryboard.storyboard; sourceTree = "<group>"; };
		DEB70935151113090006BD83 /* MasterViewController.h */ = {isa = PBXFileReference; lastKnownFileType = sourcecode.c.h; path = MasterViewController.h; sourceTree = "<group>"; };
		DEB70936151113090006BD83 /* MasterViewController.m */ = {isa = PBXFileReference; lastKnownFileType = sourcecode.c.objc; path = MasterViewController.m; sourceTree = "<group>"; };
		DEB70940151113090006BD83 /* TheGingerGamblerTests.octest */ = {isa = PBXFileReference; explicitFileType = wrapper.cfbundle; includeInIndex = 0; path = TheGingerGamblerTests.octest; sourceTree = BUILT_PRODUCTS_DIR; };
		DEB70941151113090006BD83 /* SenTestingKit.framework */ = {isa = PBXFileReference; lastKnownFileType = wrapper.framework; name = SenTestingKit.framework; path = Library/Frameworks/SenTestingKit.framework; sourceTree = DEVELOPER_DIR; };
		DEB7094A151113090006BD83 /* TheGingerGamblerTests-Info.plist */ = {isa = PBXFileReference; lastKnownFileType = text.plist.xml; path = "TheGingerGamblerTests-Info.plist"; sourceTree = "<group>"; };
		DEB7094C151113090006BD83 /* en */ = {isa = PBXFileReference; lastKnownFileType = text.plist.strings; name = en; path = en.lproj/InfoPlist.strings; sourceTree = "<group>"; };
		DEB7094E151113090006BD83 /* TheGingerGamblerTests.h */ = {isa = PBXFileReference; lastKnownFileType = sourcecode.c.h; path = TheGingerGamblerTests.h; sourceTree = "<group>"; };
		DEB7094F151113090006BD83 /* TheGingerGamblerTests.m */ = {isa = PBXFileReference; lastKnownFileType = sourcecode.c.objc; path = TheGingerGamblerTests.m; sourceTree = "<group>"; };
		DEB709691513D3190006BD83 /* Bookie.h */ = {isa = PBXFileReference; fileEncoding = 4; lastKnownFileType = sourcecode.c.h; path = Bookie.h; sourceTree = "<group>"; };
		DEB7096A1513D3190006BD83 /* Bookie.m */ = {isa = PBXFileReference; fileEncoding = 4; lastKnownFileType = sourcecode.c.objc; path = Bookie.m; sourceTree = "<group>"; };
		DEB7096C1513D38F0006BD83 /* Sport.h */ = {isa = PBXFileReference; fileEncoding = 4; lastKnownFileType = sourcecode.c.h; path = Sport.h; sourceTree = "<group>"; };
		DEB7096D1513D38F0006BD83 /* Sport.m */ = {isa = PBXFileReference; fileEncoding = 4; lastKnownFileType = sourcecode.c.objc; path = Sport.m; sourceTree = "<group>"; };
		DEB70978151923390006BD83 /* BookiePickerViewController.h */ = {isa = PBXFileReference; fileEncoding = 4; lastKnownFileType = sourcecode.c.h; path = BookiePickerViewController.h; sourceTree = "<group>"; };
		DEB709791519233B0006BD83 /* BookiePickerViewController.m */ = {isa = PBXFileReference; fileEncoding = 4; lastKnownFileType = sourcecode.c.objc; path = BookiePickerViewController.m; sourceTree = "<group>"; };
		DEB7097B151A257A0006BD83 /* PlaceBetViewController.h */ = {isa = PBXFileReference; fileEncoding = 4; lastKnownFileType = sourcecode.c.h; path = PlaceBetViewController.h; sourceTree = "<group>"; };
		DEB7097C151A257B0006BD83 /* PlaceBetViewController.m */ = {isa = PBXFileReference; fileEncoding = 4; lastKnownFileType = sourcecode.c.objc; path = PlaceBetViewController.m; sourceTree = "<group>"; };
		DEC4BAD31529E38400F7E25C /* TheGingerGambler.xcdatamodel */ = {isa = PBXFileReference; lastKnownFileType = wrapper.xcdatamodel; path = TheGingerGambler.xcdatamodel; sourceTree = "<group>"; };
		DEFE1CE6152CD92E00C61305 /* NumberManipulator.h */ = {isa = PBXFileReference; fileEncoding = 4; lastKnownFileType = sourcecode.c.h; path = NumberManipulator.h; sourceTree = "<group>"; };
		DEFE1CE7152CD92E00C61305 /* NumberManipulator.m */ = {isa = PBXFileReference; fileEncoding = 4; lastKnownFileType = sourcecode.c.objc; path = NumberManipulator.m; sourceTree = "<group>"; };
/* End PBXFileReference section */

/* Begin PBXFrameworksBuildPhase section */
		DEB70914151113080006BD83 /* Frameworks */ = {
			isa = PBXFrameworksBuildPhase;
			buildActionMask = 2147483647;
			files = (
				DEB7091C151113080006BD83 /* UIKit.framework in Frameworks */,
				DEB7091E151113080006BD83 /* Foundation.framework in Frameworks */,
				DEB70920151113080006BD83 /* CoreGraphics.framework in Frameworks */,
				DEB70922151113080006BD83 /* CoreData.framework in Frameworks */,
			);
			runOnlyForDeploymentPostprocessing = 0;
		};
		DEB7093C151113090006BD83 /* Frameworks */ = {
			isa = PBXFrameworksBuildPhase;
			buildActionMask = 2147483647;
			files = (
				DEB70942151113090006BD83 /* SenTestingKit.framework in Frameworks */,
				DEB70943151113090006BD83 /* UIKit.framework in Frameworks */,
				DEB70944151113090006BD83 /* Foundation.framework in Frameworks */,
				DEB70945151113090006BD83 /* CoreData.framework in Frameworks */,
			);
			runOnlyForDeploymentPostprocessing = 0;
		};
/* End PBXFrameworksBuildPhase section */

/* Begin PBXGroup section */
		70CE0CF015276D9B00F2F4EF /* Classes */ = {
			isa = PBXGroup;
			children = (
				70CE0CF115276DB700F2F4EF /* Constants.h */,
				70CE0CF415276E9300F2F4EF /* Constants.m */,
			);
			name = Classes;
			sourceTree = "<group>";
		};
		DE5E7325151A634700F60FBF /* Utils */ = {
			isa = PBXGroup;
			children = (
				DE5E7326151A639500F60FBF /* DatabaseManager.h */,
				DE5E7327151A639500F60FBF /* DatabaseManager.m */,
				70CE0CF61527772600F2F4EF /* DatabasePopulator.h */,
				70CE0CF71527772600F2F4EF /* DatabasePopulator.m */,
				70CE0CFC1527786900F2F4EF /* ModelFactory.h */,
				70CE0CFD1527786900F2F4EF /* ModelFactory.m */,
				DEFE1CE6152CD92E00C61305 /* NumberManipulator.h */,
				DEFE1CE7152CD92E00C61305 /* NumberManipulator.m */,
			);
			name = Utils;
			sourceTree = "<group>";
		};
		DE5E7340151B885B00F60FBF /* Images */ = {
			isa = PBXGroup;
			children = (
				DE5E7341151B889300F60FBF /* btn_slider_international_off.png */,
				DE5E7342151B889300F60FBF /* btn_slider_international_off@2x.png */,
				DE5E7343151B889300F60FBF /* btn_slider_international_on.png */,
				DE5E7344151B889300F60FBF /* btn_slider_international_on@2x.png */,
				DE5E7345151B889300F60FBF /* btn_slider_off.png */,
				DE5E7346151B889300F60FBF /* btn_slider_off@2x.png */,
				DE5E7347151B889300F60FBF /* btn_slider_on.png */,
				DE5E7348151B889300F60FBF /* btn_slider_on@2x.png */,
				DE5E7349151B889300F60FBF /* btn_slider_thumb_pressed.png */,
				DE5E734A151B889300F60FBF /* btn_slider_thumb_pressed@2x.png */,
				DE5E734B151B889300F60FBF /* btn_slider_thumb.png */,
				DE5E734C151B889300F60FBF /* btn_slider_thumb@2x.png */,
				DE5E734D151B889300F60FBF /* btn_slider_track_pressed.png */,
				DE5E734E151B889300F60FBF /* btn_slider_track_pressed@2x.png */,
				DE5E734F151B889300F60FBF /* btn_slider_track.png */,
				DE5E7350151B889300F60FBF /* btn_slider_track@2x.png */,
			);
			name = Images;
			sourceTree = "<group>";
		};
		DEB7090C151113070006BD83 = {
			isa = PBXGroup;
			children = (
				DEB70923151113080006BD83 /* TheGingerGambler */,
				DEB70948151113090006BD83 /* TheGingerGamblerTests */,
				DEB7091A151113080006BD83 /* Frameworks */,
				DEB70918151113080006BD83 /* Products */,
			);
			sourceTree = "<group>";
		};
		DEB70918151113080006BD83 /* Products */ = {
			isa = PBXGroup;
			children = (
				DEB70917151113080006BD83 /* TheGingerGambler.app */,
				DEB70940151113090006BD83 /* TheGingerGamblerTests.octest */,
			);
			name = Products;
			sourceTree = "<group>";
		};
		DEB7091A151113080006BD83 /* Frameworks */ = {
			isa = PBXGroup;
			children = (
				DEB7091B151113080006BD83 /* UIKit.framework */,
				DEB7091D151113080006BD83 /* Foundation.framework */,
				DEB7091F151113080006BD83 /* CoreGraphics.framework */,
				DEB70921151113080006BD83 /* CoreData.framework */,
				DEB70941151113090006BD83 /* SenTestingKit.framework */,
			);
			name = Frameworks;
			sourceTree = "<group>";
		};
		DEB70923151113080006BD83 /* TheGingerGambler */ = {
			isa = PBXGroup;
			children = (
				70CE0CF015276D9B00F2F4EF /* Classes */,
				DE5E7340151B885B00F60FBF /* Images */,
				DE5E7325151A634700F60FBF /* Utils */,
				DEB70977151915C10006BD83 /* GUI */,
				DEB709761519158E0006BD83 /* Model */,
				DEB70924151113080006BD83 /* Supporting Files */,
			);
			path = TheGingerGambler;
			sourceTree = "<group>";
		};
		DEB70924151113080006BD83 /* Supporting Files */ = {
			isa = PBXGroup;
			children = (
				DEB70925151113080006BD83 /* TheGingerGambler-Info.plist */,
				DEB70926151113080006BD83 /* InfoPlist.strings */,
				DEB70929151113080006BD83 /* main.m */,
				DEB7092B151113080006BD83 /* TheGingerGambler-Prefix.pch */,
			);
			name = "Supporting Files";
			sourceTree = "<group>";
		};
		DEB70948151113090006BD83 /* TheGingerGamblerTests */ = {
			isa = PBXGroup;
			children = (
				DEB7094E151113090006BD83 /* TheGingerGamblerTests.h */,
				DEB7094F151113090006BD83 /* TheGingerGamblerTests.m */,
				DEB70949151113090006BD83 /* Supporting Files */,
			);
			path = TheGingerGamblerTests;
			sourceTree = "<group>";
		};
		DEB70949151113090006BD83 /* Supporting Files */ = {
			isa = PBXGroup;
			children = (
				DEB7094A151113090006BD83 /* TheGingerGamblerTests-Info.plist */,
				DEB7094B151113090006BD83 /* InfoPlist.strings */,
			);
			name = "Supporting Files";
			sourceTree = "<group>";
		};
		DEB709761519158E0006BD83 /* Model */ = {
			isa = PBXGroup;
			children = (
				DEC4BAD21529E38400F7E25C /* TheGingerGambler.xcdatamodeld */,
				DE5E7372151BBF3E00F60FBF /* Bet.h */,
				DE5E7373151BBF3E00F60FBF /* Bet.m */,
				DEB7096C1513D38F0006BD83 /* Sport.h */,
				DEB7096D1513D38F0006BD83 /* Sport.m */,
				DEB709691513D3190006BD83 /* Bookie.h */,
				DEB7096A1513D3190006BD83 /* Bookie.m */,
				DE64B01D152255D600B2E2E7 /* Category.h */,
			);
			name = Model;
			sourceTree = "<group>";
		};
		DEB70977151915C10006BD83 /* GUI */ = {
			isa = PBXGroup;
			children = (
				DE525A831523A3F50054B5FC /* PriceOddsViewController.h */,
				DE525A841523A3F60054B5FC /* PriceOddsViewController.m */,
				DE5E7375151BC3FE00F60FBF /* BetPickerViewController.h */,
				DE5E7376151BC3FE00F60FBF /* BetPickerViewController.m */,
				DE5E733D151B83A000F60FBF /* RCSwitchOnOff.h */,
				DE5E733E151B83A000F60FBF /* RCSwitchOnOff.m */,
				DE5E733A151B839400F60FBF /* RCSwitch.h */,
				DE5E733B151B839400F60FBF /* RCSwitch.m */,
				DEB7092C151113080006BD83 /* AppDelegate.h */,
				DEB7092D151113080006BD83 /* AppDelegate.m */,
				DEB7092F151113080006BD83 /* MainStoryboard.storyboard */,
				DE5E7321151A621B00F60FBF /* SportPickerViewController.h */,
				DE5E7322151A621B00F60FBF /* SportPickerViewController.m */,
				DEB70935151113090006BD83 /* MasterViewController.h */,
				DEB70936151113090006BD83 /* MasterViewController.m */,
				DEB70978151923390006BD83 /* BookiePickerViewController.h */,
				DEB709791519233B0006BD83 /* BookiePickerViewController.m */,
				DE64B01A1522502400B2E2E7 /* EditableTableViewController.h */,
				DE64B01B1522502400B2E2E7 /* EditableTableViewController.m */,
				DEB7097B151A257A0006BD83 /* PlaceBetViewController.h */,
				DEB7097C151A257B0006BD83 /* PlaceBetViewController.m */,
				DE5E7329151A771400F60FBF /* SettleBetViewController.h */,
				DE5E732A151A771400F60FBF /* SettleBetViewController.m */,
				DE64B014152115CC00B2E2E7 /* CategoryAdderViewController.h */,
				DE64B015152115CC00B2E2E7 /* CategoryAdderViewController.m */,
				DE865AEA152A373D0067734F /* WinsLossesViewController.h */,
				DE865AEB152A373D0067734F /* WinsLossesViewController.m */,
			);
			name = GUI;
			sourceTree = "<group>";
		};
/* End PBXGroup section */

/* Begin PBXNativeTarget section */
		DEB70916151113080006BD83 /* TheGingerGambler */ = {
			isa = PBXNativeTarget;
			buildConfigurationList = DEB70953151113090006BD83 /* Build configuration list for PBXNativeTarget "TheGingerGambler" */;
			buildPhases = (
				DEB70913151113080006BD83 /* Sources */,
				DEB70914151113080006BD83 /* Frameworks */,
				DEB70915151113080006BD83 /* Resources */,
			);
			buildRules = (
			);
			dependencies = (
			);
			name = TheGingerGambler;
			productName = TheGingerGambler;
			productReference = DEB70917151113080006BD83 /* TheGingerGambler.app */;
			productType = "com.apple.product-type.application";
		};
		DEB7093F151113090006BD83 /* TheGingerGamblerTests */ = {
			isa = PBXNativeTarget;
			buildConfigurationList = DEB70956151113090006BD83 /* Build configuration list for PBXNativeTarget "TheGingerGamblerTests" */;
			buildPhases = (
				DEB7093B151113090006BD83 /* Sources */,
				DEB7093C151113090006BD83 /* Frameworks */,
				DEB7093D151113090006BD83 /* Resources */,
				DEB7093E151113090006BD83 /* ShellScript */,
			);
			buildRules = (
			);
			dependencies = (
				DEB70947151113090006BD83 /* PBXTargetDependency */,
			);
			name = TheGingerGamblerTests;
			productName = TheGingerGamblerTests;
			productReference = DEB70940151113090006BD83 /* TheGingerGamblerTests.octest */;
			productType = "com.apple.product-type.bundle";
		};
/* End PBXNativeTarget section */

/* Begin PBXProject section */
		DEB7090E151113070006BD83 /* Project object */ = {
			isa = PBXProject;
			attributes = {
				LastUpgradeCheck = 0420;
				ORGANIZATIONNAME = "Huawei Technologies de Mexico";
			};
			buildConfigurationList = DEB70911151113070006BD83 /* Build configuration list for PBXProject "TheGingerGambler" */;
			compatibilityVersion = "Xcode 3.2";
			developmentRegion = English;
			hasScannedForEncodings = 0;
			knownRegions = (
				en,
			);
			mainGroup = DEB7090C151113070006BD83;
			productRefGroup = DEB70918151113080006BD83 /* Products */;
			projectDirPath = "";
			projectRoot = "";
			targets = (
				DEB70916151113080006BD83 /* TheGingerGambler */,
				DEB7093F151113090006BD83 /* TheGingerGamblerTests */,
			);
		};
/* End PBXProject section */

/* Begin PBXResourcesBuildPhase section */
		DEB70915151113080006BD83 /* Resources */ = {
			isa = PBXResourcesBuildPhase;
			buildActionMask = 2147483647;
			files = (
				DEB70928151113080006BD83 /* InfoPlist.strings in Resources */,
				DEB70931151113080006BD83 /* MainStoryboard.storyboard in Resources */,
				DE5E7351151B889300F60FBF /* btn_slider_international_off.png in Resources */,
				DE5E7352151B889300F60FBF /* btn_slider_international_off@2x.png in Resources */,
				DE5E7353151B889300F60FBF /* btn_slider_international_on.png in Resources */,
				DE5E7354151B889300F60FBF /* btn_slider_international_on@2x.png in Resources */,
				DE5E7355151B889300F60FBF /* btn_slider_off.png in Resources */,
				DE5E7356151B889300F60FBF /* btn_slider_off@2x.png in Resources */,
				DE5E7357151B889300F60FBF /* btn_slider_on.png in Resources */,
				DE5E7358151B889300F60FBF /* btn_slider_on@2x.png in Resources */,
				DE5E7359151B889300F60FBF /* btn_slider_thumb_pressed.png in Resources */,
				DE5E735A151B889300F60FBF /* btn_slider_thumb_pressed@2x.png in Resources */,
				DE5E735B151B889300F60FBF /* btn_slider_thumb.png in Resources */,
				DE5E735C151B889300F60FBF /* btn_slider_thumb@2x.png in Resources */,
				DE5E735D151B889300F60FBF /* btn_slider_track_pressed.png in Resources */,
				DE5E735E151B889300F60FBF /* btn_slider_track_pressed@2x.png in Resources */,
				DE5E735F151B889300F60FBF /* btn_slider_track.png in Resources */,
				DE5E7360151B889300F60FBF /* btn_slider_track@2x.png in Resources */,
			);
			runOnlyForDeploymentPostprocessing = 0;
		};
		DEB7093D151113090006BD83 /* Resources */ = {
			isa = PBXResourcesBuildPhase;
			buildActionMask = 2147483647;
			files = (
				DEB7094D151113090006BD83 /* InfoPlist.strings in Resources */,
			);
			runOnlyForDeploymentPostprocessing = 0;
		};
/* End PBXResourcesBuildPhase section */

/* Begin PBXShellScriptBuildPhase section */
		DEB7093E151113090006BD83 /* ShellScript */ = {
			isa = PBXShellScriptBuildPhase;
			buildActionMask = 2147483647;
			files = (
			);
			inputPaths = (
			);
			outputPaths = (
			);
			runOnlyForDeploymentPostprocessing = 0;
			shellPath = /bin/sh;
			shellScript = "# Run the unit tests in this test bundle.\n\"${SYSTEM_DEVELOPER_DIR}/Tools/RunUnitTests\"\n";
		};
/* End PBXShellScriptBuildPhase section */

/* Begin PBXSourcesBuildPhase section */
		DEB70913151113080006BD83 /* Sources */ = {
			isa = PBXSourcesBuildPhase;
			buildActionMask = 2147483647;
			files = (
				DEB7092A151113080006BD83 /* main.m in Sources */,
				DEB7092E151113080006BD83 /* AppDelegate.m in Sources */,
				DEB70937151113090006BD83 /* MasterViewController.m in Sources */,
				DEB7096B1513D3190006BD83 /* Bookie.m in Sources */,
				DEB7096E1513D38F0006BD83 /* Sport.m in Sources */,
				DEB7097A151923400006BD83 /* BookiePickerViewController.m in Sources */,
				DEB7097D151A257B0006BD83 /* PlaceBetViewController.m in Sources */,
				DE5E7323151A621B00F60FBF /* SportPickerViewController.m in Sources */,
				DE5E7328151A639500F60FBF /* DatabaseManager.m in Sources */,
				DE5E732B151A771500F60FBF /* SettleBetViewController.m in Sources */,
				DE5E733C151B839500F60FBF /* RCSwitch.m in Sources */,
				DE5E733F151B83A100F60FBF /* RCSwitchOnOff.m in Sources */,
				DE5E7374151BBF3E00F60FBF /* Bet.m in Sources */,
				DE5E7377151BC3FE00F60FBF /* BetPickerViewController.m in Sources */,
				DE64B016152115CC00B2E2E7 /* CategoryAdderViewController.m in Sources */,
				DE64B01C1522502500B2E2E7 /* EditableTableViewController.m in Sources */,
				DE525A851523A3F60054B5FC /* PriceOddsViewController.m in Sources */,
				70CE0CF515276E9400F2F4EF /* Constants.m in Sources */,
				70CE0CF81527772600F2F4EF /* DatabasePopulator.m in Sources */,
				70CE0CFE1527786900F2F4EF /* ModelFactory.m in Sources */,
				DEC4BAD41529E38400F7E25C /* TheGingerGambler.xcdatamodeld in Sources */,
				DE865AEC152A373D0067734F /* WinsLossesViewController.m in Sources */,
				DEFE1CE8152CD92E00C61305 /* NumberManipulator.m in Sources */,
			);
			runOnlyForDeploymentPostprocessing = 0;
		};
		DEB7093B151113090006BD83 /* Sources */ = {
			isa = PBXSourcesBuildPhase;
			buildActionMask = 2147483647;
			files = (
				DEB70950151113090006BD83 /* TheGingerGamblerTests.m in Sources */,
			);
			runOnlyForDeploymentPostprocessing = 0;
		};
/* End PBXSourcesBuildPhase section */

/* Begin PBXTargetDependency section */
		DEB70947151113090006BD83 /* PBXTargetDependency */ = {
			isa = PBXTargetDependency;
			target = DEB70916151113080006BD83 /* TheGingerGambler */;
			targetProxy = DEB70946151113090006BD83 /* PBXContainerItemProxy */;
		};
/* End PBXTargetDependency section */

/* Begin PBXVariantGroup section */
		DEB70926151113080006BD83 /* InfoPlist.strings */ = {
			isa = PBXVariantGroup;
			children = (
				DEB70927151113080006BD83 /* en */,
			);
			name = InfoPlist.strings;
			sourceTree = "<group>";
		};
		DEB7092F151113080006BD83 /* MainStoryboard.storyboard */ = {
			isa = PBXVariantGroup;
			children = (
				DEB70930151113080006BD83 /* en */,
			);
			name = MainStoryboard.storyboard;
			sourceTree = "<group>";
		};
		DEB7094B151113090006BD83 /* InfoPlist.strings */ = {
			isa = PBXVariantGroup;
			children = (
				DEB7094C151113090006BD83 /* en */,
			);
			name = InfoPlist.strings;
			sourceTree = "<group>";
		};
/* End PBXVariantGroup section */

/* Begin XCBuildConfiguration section */
		DEB70951151113090006BD83 /* Debug */ = {
			isa = XCBuildConfiguration;
			buildSettings = {
				ALWAYS_SEARCH_USER_PATHS = NO;
				ARCHS = "$(ARCHS_STANDARD_32_BIT)";
				CLANG_ENABLE_OBJC_ARC = YES;
				"CODE_SIGN_IDENTITY[sdk=iphoneos*]" = "iPhone Developer";
				COPY_PHASE_STRIP = NO;
				GCC_C_LANGUAGE_STANDARD = gnu99;
				GCC_DYNAMIC_NO_PIC = NO;
				GCC_OPTIMIZATION_LEVEL = 0;
				GCC_PREPROCESSOR_DEFINITIONS = (
					"DEBUG=1",
					"$(inherited)",
				);
				GCC_SYMBOLS_PRIVATE_EXTERN = NO;
				GCC_VERSION = com.apple.compilers.llvm.clang.1_0;
				GCC_WARN_ABOUT_MISSING_PROTOTYPES = YES;
				GCC_WARN_ABOUT_RETURN_TYPE = YES;
				GCC_WARN_UNUSED_VARIABLE = YES;
				IPHONEOS_DEPLOYMENT_TARGET = 5.0;
				SDKROOT = iphoneos;
			};
			name = Debug;
		};
		DEB70952151113090006BD83 /* Release */ = {
			isa = XCBuildConfiguration;
			buildSettings = {
				ALWAYS_SEARCH_USER_PATHS = NO;
				ARCHS = "$(ARCHS_STANDARD_32_BIT)";
				CLANG_ENABLE_OBJC_ARC = YES;
				"CODE_SIGN_IDENTITY[sdk=iphoneos*]" = "iPhone Developer";
				COPY_PHASE_STRIP = YES;
				GCC_C_LANGUAGE_STANDARD = gnu99;
				GCC_VERSION = com.apple.compilers.llvm.clang.1_0;
				GCC_WARN_ABOUT_MISSING_PROTOTYPES = YES;
				GCC_WARN_ABOUT_RETURN_TYPE = YES;
				GCC_WARN_UNUSED_VARIABLE = YES;
				IPHONEOS_DEPLOYMENT_TARGET = 5.0;
				OTHER_CFLAGS = "-DNS_BLOCK_ASSERTIONS=1";
				SDKROOT = iphoneos;
				VALIDATE_PRODUCT = YES;
			};
			name = Release;
		};
		DEB70954151113090006BD83 /* Debug */ = {
			isa = XCBuildConfiguration;
			buildSettings = {
				GCC_PRECOMPILE_PREFIX_HEADER = YES;
				GCC_PREFIX_HEADER = "TheGingerGambler/TheGingerGambler-Prefix.pch";
				INFOPLIST_FILE = "TheGingerGambler/TheGingerGambler-Info.plist";
				PRODUCT_NAME = "$(TARGET_NAME)";
				WRAPPER_EXTENSION = app;
			};
			name = Debug;
		};
		DEB70955151113090006BD83 /* Release */ = {
			isa = XCBuildConfiguration;
			buildSettings = {
				GCC_PRECOMPILE_PREFIX_HEADER = YES;
				GCC_PREFIX_HEADER = "TheGingerGambler/TheGingerGambler-Prefix.pch";
				INFOPLIST_FILE = "TheGingerGambler/TheGingerGambler-Info.plist";
				PRODUCT_NAME = "$(TARGET_NAME)";
				WRAPPER_EXTENSION = app;
			};
			name = Release;
		};
		DEB70957151113090006BD83 /* Debug */ = {
			isa = XCBuildConfiguration;
			buildSettings = {
				BUNDLE_LOADER = "$(BUILT_PRODUCTS_DIR)/TheGingerGambler.app/TheGingerGambler";
				FRAMEWORK_SEARCH_PATHS = (
					"$(SDKROOT)/Developer/Library/Frameworks",
					"$(DEVELOPER_LIBRARY_DIR)/Frameworks",
				);
				GCC_PRECOMPILE_PREFIX_HEADER = YES;
				GCC_PREFIX_HEADER = "TheGingerGambler/TheGingerGambler-Prefix.pch";
				INFOPLIST_FILE = "TheGingerGamblerTests/TheGingerGamblerTests-Info.plist";
				PRODUCT_NAME = "$(TARGET_NAME)";
				TEST_HOST = "$(BUNDLE_LOADER)";
				WRAPPER_EXTENSION = octest;
			};
			name = Debug;
		};
		DEB70958151113090006BD83 /* Release */ = {
			isa = XCBuildConfiguration;
			buildSettings = {
				BUNDLE_LOADER = "$(BUILT_PRODUCTS_DIR)/TheGingerGambler.app/TheGingerGambler";
				FRAMEWORK_SEARCH_PATHS = (
					"$(SDKROOT)/Developer/Library/Frameworks",
					"$(DEVELOPER_LIBRARY_DIR)/Frameworks",
				);
				GCC_PRECOMPILE_PREFIX_HEADER = YES;
				GCC_PREFIX_HEADER = "TheGingerGambler/TheGingerGambler-Prefix.pch";
				INFOPLIST_FILE = "TheGingerGamblerTests/TheGingerGamblerTests-Info.plist";
				PRODUCT_NAME = "$(TARGET_NAME)";
				TEST_HOST = "$(BUNDLE_LOADER)";
				WRAPPER_EXTENSION = octest;
			};
			name = Release;
		};
/* End XCBuildConfiguration section */

/* Begin XCConfigurationList section */
		DEB70911151113070006BD83 /* Build configuration list for PBXProject "TheGingerGambler" */ = {
			isa = XCConfigurationList;
			buildConfigurations = (
				DEB70951151113090006BD83 /* Debug */,
				DEB70952151113090006BD83 /* Release */,
			);
			defaultConfigurationIsVisible = 0;
			defaultConfigurationName = Release;
		};
		DEB70953151113090006BD83 /* Build configuration list for PBXNativeTarget "TheGingerGambler" */ = {
			isa = XCConfigurationList;
			buildConfigurations = (
				DEB70954151113090006BD83 /* Debug */,
				DEB70955151113090006BD83 /* Release */,
			);
			defaultConfigurationIsVisible = 0;
			defaultConfigurationName = Release;
		};
		DEB70956151113090006BD83 /* Build configuration list for PBXNativeTarget "TheGingerGamblerTests" */ = {
			isa = XCConfigurationList;
			buildConfigurations = (
				DEB70957151113090006BD83 /* Debug */,
				DEB70958151113090006BD83 /* Release */,
			);
			defaultConfigurationIsVisible = 0;
			defaultConfigurationName = Release;
		};
/* End XCConfigurationList section */

/* Begin XCVersionGroup section */
		DEC4BAD21529E38400F7E25C /* TheGingerGambler.xcdatamodeld */ = {
			isa = XCVersionGroup;
			children = (
				DEC4BAD31529E38400F7E25C /* TheGingerGambler.xcdatamodel */,
			);
			currentVersion = DEC4BAD31529E38400F7E25C /* TheGingerGambler.xcdatamodel */;
			path = TheGingerGambler.xcdatamodeld;
			sourceTree = "<group>";
			versionGroupType = wrapper.xcdatamodel;
		};
/* End XCVersionGroup section */
	};
	rootObject = DEB7090E151113070006BD83 /* Project object */;
}
